github.com/frankban/quicktest v1.14.6 h1:7Xjx+VpznH+oBnejlPUj8oUpdxnVs4f8XU8WnHkI4W8=
github.com/frankban/quicktest v1.14.6/go.mod h1:4ptaffx2x8+WTWXmUCuVU6aPUX1/Mz7zb5vbUoiM6w0=
github.com/google/go-cmp v0.5.9 h1:O2Tfq5qg4qc4AmwVlvv0oLiVAGB7enBSJ2x2DqQFi38=
github.com/google/go-cmp v0.5.9/go.mod h1:17dUlkBOakJ0+DkrSSNjCkIjxS6bF9zb3elmeNGIjoY=
github.com/klauspost/compress v1.20.0 h1:a3C1ke2ohxFymNlb2HWAHjDeKCI90scRskErZkR0ezA=
github.com/klauspost/compress v1.20.0/go.mod h1:LUdAzn7YLVvxLpc7y3V1m40wESHTgc1422pwwBSKYuI=
github.com/kr/pretty v0.3.1 h1:flRD4NNwYAUpkphVc1HcthR4KEIFJ65n8Mw5qdRn3LE=
github.com/kr/pretty v0.3.1/go.mod h1:hoEshYVHaxMs3cyo3Yncou5ZscifuDolrwPKZanG3xk=
github.com/kr/text v0.2.0 h1:5Nx0Ya0ZqY2ygV366QzturHI13Jq95ApcVaJBhpS+AY=
github.com/kr/text v0.2.0/go.mod h1:eLer722TekiGuMkidMxC/pM04lWEeraHUUmBw8l2grE=
github.com/pierrec/lz4/v4 v4.1.30 h1:cchX8N2DVP668WkElI9QMwVyoNabLkq1LofDHFeIrdg=
github.com/pierrec/lz4/v4 v4.1.30/go.mod h1:EoQMVJgeeEOMsCqCzqFm2O0cJvljX2nGZjcRIPL34O4=
github.com/rogpeppe/go-internal v1.9.0 h1:73kH8U+JUqXU8lRuOHeVHaa/SZPifC7BkcraZVejAe8=
github.com/rogpeppe/go-internal v1.9.0/go.mod h1:WtVeX8xhTBvf0smdhujwtBcq4Qrzq/fJaraNFVN+nFs=
github.com/spf13/cast v1.10.0 h1:h2x0u2shc1QuLHfxi+cTJvs30+ZAHOGRic8uyGTDWxY=
github.com/spf13/cast v1.10.0/go.mod h1:jNfB8QC9IA6ZuY2ZjDp0KtFO2LZZlg4S/7bzP6qqeHo=
github.com/stealthrocket/net v0.2.1 h1:PehPGAAjuV46zaeHGlNgakFV7QDGUAREMcEQsZQ8NLo=
github.com/stealthrocket/net v0.2.1/go.mod h1:VvoFod9pYC9mo+bEg2NQB/D+KVOjxfhZjZ5zyvozq7M=
github.com/traefik/http-wasm-guest-tinygo v0.0.0-20240913140402-af96219ffea5 h1:D/1vHhfpcbJl6igutIruxClrFwNNogF6ejcu67xzZcw=
github.com/traefik/http-wasm-guest-tinygo v0.0.0-20240913140402-af96219ffea5/go.mod h1:zcKr7h/t5ha2ZWIMwV4iOqhfC/qno/tNPYgybVkn/MQ=
github.com/twmb/franz-go v1.22.1 h1:J7Xixbb7k0Itl39eaBot5PIblZh9IL3ZKYgo2yzlf40=
github.com/twmb/franz-go v1.22.1/go.mod h1:b2qISbZgMTJRcIsltVqPz4+Bb2Lw/9bN+/Gd0C07kYw=
github.com/twmb/franz-go/pkg/kadm v1.19.0 h1:5Nx/WWFkpNUi8Z55Skxvn9x5HOCjw+BUntSNB1kLglk=
github.com/twmb/franz-go/pkg/kadm v1.19.0/go.mod h1:emmsx5J7YPU9A7UHcSoz0fBMYVmCcJO2etylJeU0VHU=
github.com/twmb/franz-go/pkg/kmsg v1.14.0 h1:gSxrBEKWl3qnsx3QKWol5OEVujuPmIoDkhMt3didFKM=
github.com/twmb/franz-go/pkg/kmsg v1.14.0/go.mod h1:+DPt4NC8RmI6hqb8G09+3giKObE6uD2Eya6CfqBpeJY=
golang.org/x/net v0.21.0 h1:AQyQV4dYCvJ7vGmJyKki9+PBdyvhkSd8EIx/qb0AYv4=
golang.org/x/net v0.21.0/go.mod h1:bIjVDfnllIU7BJ2DNgfnXvpSvtn8VRwhlsaeUTyUS44=
